<?xml version="1.0" encoding="utf-8"?>
<Project ToolsVersion="4.0" xmlns="http://schemas.microsoft.com/developer/msbuild/2003">
  <ItemGroup>
    <Filter Include="Quelldateien">
      <UniqueIdentifier>{4FC737F1-C7A5-4376-A066-2A32D752A2FF}</UniqueIdentifier>
      <Extensions>cpp;c;cc;cxx;c++;cppm;ixx;def;odl;idl;hpj;bat;asm;asmx</Extensions>
    </Filter>
    <Filter Include="Headerdateien">
      <UniqueIdentifier>{93995380-89BD-4b04-88EB-625FBE52EBFB}</UniqueIdentifier>
      <Extensions>h;hh;hpp;hxx;h++;hm;inl;inc;ipp;xsd</Extensions>
    </Filter>
    <Filter Include="Ressourcendateien">
      <UniqueIdentifier>{67DA6AB6-F800-4c08-8B7A-83BB121AAD01}</UniqueIdentifier>
      <Extensions>rc;ico;cur;bmp;dlg;rc2;rct;bin;rgs;gif;jpg;jpeg;jpe;resx;tiff;tif;png;wav;mfcribbon-ms</Extensions>
    </Filter>
    <Filter Include="Modules">
      <UniqueIdentifier>{bb5bec7b-738c-4b4c-ba8a-98a47a11d7be}</UniqueIdentifier>
    </Filter>
    <Filter Include="Modules\Basic">
      <UniqueIdentifier>{0bae4449-5d87-4b95-b2b3-344ec1fcf24c}</UniqueIdentifier>
    </Filter>
    <Filter Include="Modules\FTLight">
      <UniqueIdentifier>{295495b7-9e37-44bb-8b43-6f1e5cd3cd1b}</UniqueIdentifier>
    </Filter>
  </ItemGroup>
  <ItemGroup>
    <ClCompile Include="CmTest.cpp">
      <Filter>Quelldateien</Filter>
    </ClCompile>
    <ClCompile Include="..\..\..\Services\Basic\Modules\CmBasic.ixx">
      <Filter>Modules\Basic</Filter>
    </ClCompile>
    <ClCompile Include="..\..\..\Services\Basic\Modules\CmString.ixx">
      <Filter>Modules\Basic</Filter>
    </ClCompile>
    <ClCompile Include="..\..\..\Services\Basic\Modules\CmDateTime.ixx">
      <Filter>Modules\Basic</Filter>
    </ClCompile>
    <ClCompile Include="..\..\..\Services\Basic\Modules\CmException.ixx">
      <Filter>Modules\Basic</Filter>
    </ClCompile>
    <ClCompile Include="..\..\..\Services\Basic\Modules\CmParallel.ixx">
      <Filter>Modules\Basic</Filter>
    </ClCompile>
    <ClCompile Include="..\..\..\Services\Basic\Modules\CmIFTL.ixx">
      <Filter>Modules\Basic</Filter>
    </ClCompile>
    <ClCompile Include="..\..\..\FTLight\Modules\CmFTLight.ixx">
      <Filter>Modules\FTLight</Filter>
    </ClCompile>
    <ClCompile Include="..\..\..\FTLight\Modules\CmStringFTL.ixx">
      <Filter>Modules\FTLight</Filter>
    </ClCompile>
    <ClCompile Include="..\..\..\FTLight\Modules\CmValueFTL.ixx">
      <Filter>Modules\FTLight</Filter>
    </ClCompile>
  </ItemGroup>
  <ItemGroup>
    <ClInclude Include="..\..\..\Services\Basic\CmTypes.h">
      <Filter>Headerdateien</Filter>
    </ClInclude>
  </ItemGroup>
</Project>